
Microsoft Visual Studio Solution File, Format Version 12.00
# Visual Studio Version 16
VisualStudioVersion = 16.0.29926.136
MinimumVisualStudioVersion = 10.0.40219.1
Project("{FAE04EC0-301F-11D3-BF4B-00C04F79EFBC}") = "CarStore.Bll", "CarStore.Bll\CarStore.Bll.csproj", "{627B97CA-8AEA-4169-A2A2-F3D23F4CC0AA}"
EndProject
Project("{FAE04EC0-301F-11D3-BF4B-00C04F79EFBC}") = "CarStore.Dal", "CarStore.Dal\CarStore.Dal.csproj", "{682AA44A-2919-493C-A820-D60CCB9316E3}"
EndProject
Project("{FAE04EC0-301F-11D3-BF4B-00C04F79EFBC}") = "CarStore.WebApi", "CarStore.WebApi\CarStore.WebApi.csproj", "{C8590865-A8AC-4BDF-AAAC-5E6C77F61364}"
EndProject
Global
	GlobalSection(SolutionConfigurationPlatforms) = preSolution
		Debug|Any CPU = Debug|Any CPU
		Release|Any CPU = Release|Any CPU
	EndGlobalSection
	GlobalSection(ProjectConfigurationPlatforms) = postSolution
		{627B97CA-8AEA-4169-A2A2-F3D23F4CC0AA}.Debug|Any CPU.ActiveCfg = Debug|Any CPU
		{627B97CA-8AEA-4169-A2A2-F3D23F4CC0AA}.Debug|Any CPU.Build.0 = Debug|Any CPU
		{627B97CA-8AEA-4169-A2A2-F3D23F4CC0AA}.Release|Any CPU.ActiveCfg = Release|Any CPU
		{627B97CA-8AEA-4169-A2A2-F3D23F4CC0AA}.Release|Any CPU.Build.0 = Release|Any CPU
		{682AA44A-2919-493C-A820-D60CCB9316E3}.Debug|Any CPU.ActiveCfg = Debug|Any CPU
		{682AA44A-2919-493C-A820-D60CCB9316E3}.Debug|Any CPU.Build.0 = Debug|Any CPU
		{682AA44A-2919-493C-A820-D60CCB9316E3}.Release|Any CPU.ActiveCfg = Release|Any CPU
		{682AA44A-2919-493C-A820-D60CCB9316E3}.Release|Any CPU.Build.0 = Release|Any CPU
		{C8590865-A8AC-4BDF-AAAC-5E6C77F61364}.Debug|Any CPU.ActiveCfg = Debug|Any CPU
		{C8590865-A8AC-4BDF-AAAC-5E6C77F61364}.Debug|Any CPU.Build.0 = Debug|Any CPU
		{C8590865-A8AC-4BDF-AAAC-5E6C77F61364}.Release|Any CPU.ActiveCfg = Release|Any CPU
		{C8590865-A8AC-4BDF-AAAC-5E6C77F61364}.Release|Any CPU.Build.0 = Release|Any CPU
	EndGlobalSection
	GlobalSection(SolutionProperties) = preSolution
		HideSolutionNode = FALSE
	EndGlobalSection
	GlobalSection(ExtensibilityGlobals) = postSolution
		SolutionGuid = {F6D39716-B59E-4972-8A65-FC581EE1F7E1}
	EndGlobalSection
EndGlobal
